// !$*UTF8*$!
{
	archiveVersion = 1;
	classes = {
	};
	objectVersion = 56;
	objects = {

/* Begin PBXBuildFile section */
		048D05BBF86040A2B21B14AF /* AppDelegate.swift in Sources */ = {isa = PBXBuildFile; fileRef = 1C541D992C584990B1D3B061 /* AppDelegate.swift */; };
		BDA306F7430F43ECA87ED680 /* SceneDelegate.swift in Sources */ = {isa = PBXBuildFile; fileRef = BDA306F7430F43ECA87ED67F /* SceneDelegate.swift */; };
		593DF24162094018A63C4932 /* HomeViewController.swift in Sources */ = {isa = PBXBuildFile; fileRef = 593DF24162094018A63C4931 /* HomeViewController.swift */; };
		E929E4BA0A044663A1131D7D /* BookDetailsViewController.swift in Sources */ = {isa = PBXBuildFile; fileRef = E929E4BA0A044663A1131D7C /* BookDetailsViewController.swift */; };
		0AF45EEA145C41758E91F31C /* AddBookViewController.swift in Sources */ = {isa = PBXBuildFile; fileRef = 0AF45EEA145C41758E91F31B /* AddBookViewController.swift */; };
		AE4A57D875EF47BD826B14F7 /* BookTableViewCell.swift in Sources */ = {isa = PBXBuildFile; fileRef = AE4A57D875EF47BD826B14F6 /* BookTableViewCell.swift */; };
		A1B2C3D4E5F60718293A4B5C /* Book.swift in Sources */ = {isa = PBXBuildFile; fileRef = A1B2C3D4E5F60718293A4B5B /* Book.swift */; };
		B2C3D4E5F60718293A4B5C6D /* FirestoreManager.swift in Sources */ = {isa = PBXBuildFile; fileRef = B2C3D4E5F60718293A4B5C6C /* FirestoreManager.swift */; };
		350FC190FD4D43B0B5E0A438 /* Main.storyboard in Resources */ = {isa = PBXBuildFile; fileRef = 350FC190FD4D43B0B5E0A437 /* Main.storyboard */; };
		B25B7DDCCE7242968107A92E /* LaunchScreen.storyboard in Resources */ = {isa = PBXBuildFile; fileRef = B25B7DDCCE7242968107A92D /* LaunchScreen.storyboard */; };
		7467700CA9B34404A525B07D /* Assets.xcassets in Resources */ = {isa = PBXBuildFile; fileRef = 7467700CA9B34404A525B07C /* Assets.xcassets */; };
		C3D4E5F60718293A4B5C6D7E /* GoogleService-Info.plist in Resources */ = {isa = PBXBuildFile; fileRef = C3D4E5F60718293A4B5C6D7D /* GoogleService-Info.plist */; };
		D4E5F60718293A4B5C6D7E8F /* FirebaseFirestore in Frameworks */ = {isa = PBXBuildFile; productRef = E5F60718293A4B5C6D7E8F90 /* FirebaseFirestore */; };
/* End PBXBuildFile section */

/* Begin PBXFileReference section */
		C7BD85C21E23499FB1D1AF5C /* BookClub.app */ = {isa = PBXFileReference; explicitFileType = wrapper.application; includeInIndex = 0; path = BookClub.app; sourceTree = BUILT_PRODUCTS_DIR; };
		1C541D992C584990B1D3B061 /* AppDelegate.swift */ = {isa = PBXFileReference; lastKnownFileType = sourcecode.swift; path = AppDelegate.swift; sourceTree = "<group>"; };
		BDA306F7430F43ECA87ED67F /* SceneDelegate.swift */ = {isa = PBXFileReference; lastKnownFileType = sourcecode.swift; path = SceneDelegate.swift; sourceTree = "<group>"; };
		593DF24162094018A63C4931 /* HomeViewController.swift */ = {isa = PBXFileReference; lastKnownFileType = sourcecode.swift; path = HomeViewController.swift; sourceTree = "<group>"; };
		E929E4BA0A044663A1131D7C /* BookDetailsViewController.swift */ = {isa = PBXFileReference; lastKnownFileType = sourcecode.swift; path = BookDetailsViewController.swift; sourceTree = "<group>"; };
		0AF45EEA145C41758E91F31B /* AddBookViewController.swift */ = {isa = PBXFileReference; lastKnownFileType = sourcecode.swift; path = AddBookViewController.swift; sourceTree = "<group>"; };
		AE4A57D875EF47BD826B14F6 /* BookTableViewCell.swift */ = {isa = PBXFileReference; lastKnownFileType = sourcecode.swift; path = BookTableViewCell.swift; sourceTree = "<group>"; };
		350FC190FD4D43B0B5E0A437 /* Main.storyboard */ = {isa = PBXFileReference; lastKnownFileType = file.storyboard; path = Main.storyboard; sourceTree = "<group>"; };
		B25B7DDCCE7242968107A92D /* LaunchScreen.storyboard */ = {isa = PBXFileReference; lastKnownFileType = file.storyboard; path = LaunchScreen.storyboard; sourceTree = "<group>"; };
		7467700CA9B34404A525B07C /* Assets.xcassets */ = {isa = PBXFileReference; lastKnownFileType = folder.assetcatalog; path = Assets.xcassets; sourceTree = "<group>"; };
		713D29179EC446ECBF6448E2 /* Info.plist */ = {isa = PBXFileReference; lastKnownFileType = text.plist.xml; path = Info.plist; sourceTree = "<group>"; };
		A1B2C3D4E5F60718293A4B5B /* Book.swift */ = {isa = PBXFileReference; lastKnownFileType = sourcecode.swift; path = Book.swift; sourceTree = "<group>"; };
		B2C3D4E5F60718293A4B5C6C /* FirestoreManager.swift */ = {isa = PBXFileReference; lastKnownFileType = sourcecode.swift; path = FirestoreManager.swift; sourceTree = "<group>"; };
		C3D4E5F60718293A4B5C6D7D /* GoogleService-Info.plist */ = {isa = PBXFileReference; lastKnownFileType = text.plist.xml; path = "GoogleService-Info.plist"; sourceTree = "<group>"; };
/* End PBXFileReference section */

/* Begin PBXFrameworksBuildPhase section */
		33E461B28408487894D95994 /* Frameworks */ = {
			isa = PBXFrameworksBuildPhase;
			buildActionMask = 2147483647;
			files = (
				D4E5F60718293A4B5C6D7E8F /* FirebaseFirestore in Frameworks */,
			);
			runOnlyForDeploymentPostprocessing = 0;
		};
/* End PBXFrameworksBuildPhase section */

/* Begin PBXGroup section */
		67A5F1F477A4421FBD93660A = {
			isa = PBXGroup;
			children = (
				3B889F6FF9B746DBB15A3EA9 /* BookClub */,
				3B889F6FF9B746DBB15A3EA8 /* Products */,
			);
			sourceTree = "<group>";
		};
		3B889F6FF9B746DBB15A3EA8 /* Products */ = {
			isa = PBXGroup;
			children = (
				C7BD85C21E23499FB1D1AF5C /* BookClub.app */,
			);
			name = Products;
			sourceTree = "<group>";
		};
		3B889F6FF9B746DBB15A3EA9 /* BookClub */ = {
			isa = PBXGroup;
			children = (
				1C541D992C584990B1D3B061 /* AppDelegate.swift */,
				BDA306F7430F43ECA87ED67F /* SceneDelegate.swift */,
				A1B2C3D4E5F60718293A4B5B /* Book.swift */,
				B2C3D4E5F60718293A4B5C6C /* FirestoreManager.swift */,
				593DF24162094018A63C4931 /* HomeViewController.swift */,
				E929E4BA0A044663A1131D7C /* BookDetailsViewController.swift */,
				0AF45EEA145C41758E91F31B /* AddBookViewController.swift */,
				AE4A57D875EF47BD826B14F6 /* BookTableViewCell.swift */,
				350FC190FD4D43B0B5E0A437 /* Main.storyboard */,
				B25B7DDCCE7242968107A92D /* LaunchScreen.storyboard */,
				7467700CA9B34404A525B07C /* Assets.xcassets */,
				713D29179EC446ECBF6448E2 /* Info.plist */,
				C3D4E5F60718293A4B5C6D7D /* GoogleService-Info.plist */,
			);
			path = BookClub;
			sourceTree = "<group>";
		};
/* End PBXGroup section */

/* Begin PBXNativeTarget section */
		3A3438A95DE94557B888CA49 /* BookClub */ = {
			isa = PBXNativeTarget;
			buildConfigurationList = 5402CD51BCBD4C49AE226900 /* Build configuration list for PBXNativeTarget "BookClub" */;
			buildPhases = (
				0AAAB5B28B3B47B298AA49B4 /* Sources */,
				33E461B28408487894D95994 /* Frameworks */,
				E5ADD5442C8A4BDDAF56FC2B /* Resources */,
			);
			buildRules = (
			);
			dependencies = (
			);
			name = BookClub;
			packageProductDependencies = (
				E5F60718293A4B5C6D7E8F90 /* FirebaseFirestore */,
			);
			productName = BookClub;
			productReference = C7BD85C21E23499FB1D1AF5C /* BookClub.app */;
			productType = "com.apple.product-type.application";
		};
/* End PBXNativeTarget section */

/* Begin PBXProject section */
		2FCFEC2817DB488D81C9D49F /* Project object */ = {
			isa = PBXProject;
			attributes = {
				BuildIndependentTargetsInParallel = 1;
				LastSwiftUpdateCheck = 1620;
				LastUpgradeCheck = 1620;
				TargetAttributes = {
					3A3438A95DE94557B888CA49 = {
						CreatedOnToolsVersion = 16.2;
					};
				};
			};
			buildConfigurationList = AFC41AD00FF742BABB22D154 /* Build configuration list for PBXProject "BookClub" */;
			compatibilityVersion = "Xcode 14.0";
			developmentRegion = en;
			hasScannedForEncodings = 0;
			knownRegions = (
				en,
				Base,
			);
			mainGroup = 67A5F1F477A4421FBD93660A;
			packageReferences = (
				F60718293A4B5C6D7E8F901A2 /* XCRemoteSwiftPackageReference "firebase-ios-sdk" */,
			);
			productRefGroup = 3B889F6FF9B746DBB15A3EA8 /* Products */;
			projectDirPath = "";
			projectRoot = "";
			targets = (
				3A3438A95DE94557B888CA49 /* BookClub */,
			);
		};
/* End PBXProject section */

/* Begin PBXResourcesBuildPhase section */
		E5ADD5442C8A4BDDAF56FC2B /* Resources */ = {
			isa = PBXResourcesBuildPhase;
			buildActionMask = 2147483647;
			files = (
				350FC190FD4D43B0B5E0A438 /* Main.storyboard in Resources */,
				B25B7DDCCE7242968107A92E /* LaunchScreen.storyboard in Resources */,
				7467700CA9B34404A525B07D /* Assets.xcassets in Resources */,
				C3D4E5F60718293A4B5C6D7E /* GoogleService-Info.plist in Resources */,
			);
			runOnlyForDeploymentPostprocessing = 0;
		};
/* End PBXResourcesBuildPhase section */

/* Begin PBXSourcesBuildPhase section */
		0AAAB5B28B3B47B298AA49B4 /* Sources */ = {
			isa = PBXSourcesBuildPhase;
			buildActionMask = 2147483647;
			files = (
				048D05BBF86040A2B21B14AF /* AppDelegate.swift in Sources */,
				BDA306F7430F43ECA87ED680 /* SceneDelegate.swift in Sources */,
				A1B2C3D4E5F60718293A4B5C /* Book.swift in Sources */,
				B2C3D4E5F60718293A4B5C6D /* FirestoreManager.swift in Sources */,
				593DF24162094018A63C4932 /* HomeViewController.swift in Sources */,
				E929E4BA0A044663A1131D7D /* BookDetailsViewController.swift in Sources */,
				0AF45EEA145C41758E91F31C /* AddBookViewController.swift in Sources */,
				AE4A57D875EF47BD826B14F7 /* BookTableViewCell.swift in Sources */,
			);
			runOnlyForDeploymentPostprocessing = 0;
		};
/* End PBXSourcesBuildPhase section */

/* Begin XCBuildConfiguration section */
		04A6CD9E30B44040BE5925F1 /* Debug */ = {
			isa = XCBuildConfiguration;
			buildSettings = {
				ALWAYS_SEARCH_USER_PATHS = NO;
				ASSETCATALOG_COMPILER_GENERATE_SWIFT_ASSET_SYMBOL_EXTENSIONS = YES;
				CLANG_ANALYZER_NONNULL = YES;
				CLANG_ANALYZER_NUMBER_OBJECT_CONVERSION = YES_AGGRESSIVE;
				CLANG_CXX_LANGUAGE_STANDARD = "gnu++20";
				CLANG_ENABLE_MODULES = YES;
				CLANG_ENABLE_OBJC_ARC = YES;
				CLANG_ENABLE_OBJC_WEAK = YES;
				CLANG_WARN_BLOCK_CAPTURE_AUTORELEASING = YES;
				CLANG_WARN_BOOL_CONVERSION = YES;
				CLANG_WARN_COMMA = YES;
				CLANG_WARN_CONSTANT_CONVERSION = YES;
				CLANG_WARN_DEPRECATED_OBJC_IMPLEMENTATIONS = YES;
				CLANG_WARN_DIRECT_OBJC_ISA_USAGE = YES_ERROR;
				CLANG_WARN_DOCUMENTATION_COMMENTS = YES;
				CLANG_WARN_EMPTY_BODY = YES;
				CLANG_WARN_ENUM_CONVERSION = YES;
				CLANG_WARN_INFINITE_RECURSION = YES;
				CLANG_WARN_INT_CONVERSION = YES;
				CLANG_WARN_NON_LITERAL_NULL_CONVERSION = YES;
				CLANG_WARN_OBJC_IMPLICIT_RETAIN_CYCLE = YES;
				CLANG_WARN_OBJC_LITERAL_CONVERSION = YES;
				CLANG_WARN_OBJC_ROOT_CLASS = YES_ERROR;
				CLANG_WARN_QUOTED_INCLUDE_IN_FRAMEWORK_HEADER = YES;
				CLANG_WARN_RANGE_LOOP_ANALYSIS = YES;
				CLANG_WARN_STRICT_PROTOTYPES = YES;
				CLANG_WARN_SUSPICIOUS_MOVE = YES;
				CLANG_WARN_UNGUARDED_AVAILABILITY = YES_AGGRESSIVE;
				CLANG_WARN_UNREACHABLE_CODE = YES;
				CLANG_WARN__DUPLICATE_METHOD_MATCH = YES;
				COPY_PHASE_STRIP = NO;
				DEBUG_INFORMATION_FORMAT = dwarf;
				ENABLE_STRICT_OBJC_MSGSEND = YES;
				ENABLE_TESTABILITY = YES;
				ENABLE_USER_SCRIPT_SANDBOXING = YES;
				GCC_C_LANGUAGE_STANDARD = gnu17;
				GCC_DYNAMIC_NO_PIC = NO;
				GCC_NO_COMMON_BLOCKS = YES;
				GCC_OPTIMIZATION_LEVEL = 0;
				GCC_PREPROCESSOR_DEFINITIONS = (
					"DEBUG=1",
					"$(inherited)",
				);
				GCC_WARN_64_TO_32_BIT_CONVERSION = YES;
				GCC_WARN_ABOUT_RETURN_TYPE = YES_ERROR;
				GCC_WARN_UNDECLARED_SELECTOR = YES;
				GCC_WARN_UNINITIALIZED_AUTOS = YES_AGGRESSIVE;
				GCC_WARN_UNUSED_FUNCTION = YES;
				GCC_WARN_UNUSED_VARIABLE = YES;
				IPHONEOS_DEPLOYMENT_TARGET = 16.0;
				LOCALIZATION_PREFERS_STRING_CATALOGS = YES;
				MTL_ENABLE_DEBUG_INFO = INCLUDE_SOURCE;
				MTL_FAST_MATH = YES;
				ONLY_ACTIVE_ARCH = YES;
				SDKROOT = iphoneos;
				SWIFT_ACTIVE_COMPILATION_CONDITIONS = "DEBUG $(inherited)";
				SWIFT_OPTIMIZATION_LEVEL = "-Onone";
			};
			name = Debug;
		};
		948331EE30E84F2999DA1729 /* Release */ = {
			isa = XCBuildConfiguration;
			buildSettings = {
				ALWAYS_SEARCH_USER_PATHS = NO;
				ASSETCATALOG_COMPILER_GENERATE_SWIFT_ASSET_SYMBOL_EXTENSIONS = YES;
				CLANG_ANALYZER_NONNULL = YES;
				CLANG_ANALYZER_NUMBER_OBJECT_CONVERSION = YES_AGGRESSIVE;
				CLANG_CXX_LANGUAGE_STANDARD = "gnu++20";
				CLANG_ENABLE_MODULES = YES;
				CLANG_ENABLE_OBJC_ARC = YES;
				CLANG_ENABLE_OBJC_WEAK = YES;
				CLANG_WARN_BLOCK_CAPTURE_AUTORELEASING = YES;
				CLANG_WARN_BOOL_CONVERSION = YES;
				CLANG_WARN_COMMA = YES;
				CLANG_WARN_CONSTANT_CONVERSION = YES;
				CLANG_WARN_DEPRECATED_OBJC_IMPLEMENTATIONS = YES;
				CLANG_WARN_DIRECT_OBJC_ISA_USAGE = YES_ERROR;
				CLANG_WARN_DOCUMENTATION_COMMENTS = YES;
				CLANG_WARN_EMPTY_BODY = YES;
				CLANG_WARN_ENUM_CONVERSION = YES;
				CLANG_WARN_INFINITE_RECURSION = YES;
				CLANG_WARN_INT_CONVERSION = YES;
				CLANG_WARN_NON_LITERAL_NULL_CONVERSION = YES;
				CLANG_WARN_OBJC_IMPLICIT_RETAIN_CYCLE = YES;
				CLANG_WARN_OBJC_LITERAL_CONVERSION = YES;
				CLANG_WARN_OBJC_ROOT_CLASS = YES_ERROR;
				CLANG_WARN_QUOTED_INCLUDE_IN_FRAMEWORK_HEADER = YES;
				CLANG_WARN_RANGE_LOOP_ANALYSIS = YES;
				CLANG_WARN_STRICT_PROTOTYPES = YES;
				CLANG_WARN_SUSPICIOUS_MOVE = YES;
				CLANG_WARN_UNGUARDED_AVAILABILITY = YES_AGGRESSIVE;
				CLANG_WARN_UNREACHABLE_CODE = YES;
				CLANG_WARN__DUPLICATE_METHOD_MATCH = YES;
				COPY_PHASE_STRIP = NO;
				DEBUG_INFORMATION_FORMAT = "dwarf-with-dsym";
				ENABLE_NS_ASSERTIONS = NO;
				ENABLE_STRICT_OBJC_MSGSEND = YES;
				ENABLE_USER_SCRIPT_SANDBOXING = YES;
				GCC_C_LANGUAGE_STANDARD = gnu17;
				GCC_NO_COMMON_BLOCKS = YES;
				GCC_WARN_64_TO_32_BIT_CONVERSION = YES;
				GCC_WARN_ABOUT_RETURN_TYPE = YES_ERROR;
				GCC_WARN_UNDECLARED_SELECTOR = YES;
				GCC_WARN_UNINITIALIZED_AUTOS = YES_AGGRESSIVE;
				GCC_WARN_UNUSED_FUNCTION = YES;
				GCC_WARN_UNUSED_VARIABLE = YES;
				IPHONEOS_DEPLOYMENT_TARGET = 16.0;
				LOCALIZATION_PREFERS_STRING_CATALOGS = YES;
				MTL_ENABLE_DEBUG_INFO = NO;
				MTL_FAST_MATH = YES;
				SDKROOT = iphoneos;
				SWIFT_COMPILATION_MODE = wholemodule;
				VALIDATE_PRODUCT = YES;
			};
			name = Release;
		};
		7E8DBC2B3E5040048EBAC05C /* Debug */ = {
			isa = XCBuildConfiguration;
			buildSettings = {
				ASSETCATALOG_COMPILER_APPICON_NAME = AppIcon;
				ASSETCATALOG_COMPILER_GLOBAL_ACCENT_COLOR_NAME = AccentColor;
				CODE_SIGN_STYLE = Automatic;
				CURRENT_PROJECT_VERSION = 1;
				GENERATE_INFOPLIST_FILE = YES;
				INFOPLIST_FILE = BookClub/Info.plist;
				INFOPLIST_KEY_UIApplicationSupportsIndirectInputEvents = YES;
				INFOPLIST_KEY_UILaunchStoryboardName = LaunchScreen;
				INFOPLIST_KEY_UIMainStoryboardFile = Main;
				INFOPLIST_KEY_UISupportedInterfaceOrientations = UIInterfaceOrientationPortrait;
				INFOPLIST_KEY_UISupportedInterfaceOrientations_iPad = "UIInterfaceOrientationLandscapeLeft UIInterfaceOrientationLandscapeRight UIInterfaceOrientationPortrait UIInterfaceOrientationPortraitUpsideDown";
				LD_RUNPATH_SEARCH_PATHS = (
					"$(inherited)",
					"@executable_path/Frameworks",
				);
				MARKETING_VERSION = 1.0;
				PRODUCT_BUNDLE_IDENTIFIER = com.hadardv.BookClub;
				PRODUCT_NAME = "$(TARGET_NAME)";
				SUPPORTED_PLATFORMS = "iphoneos iphonesimulator";
				SUPPORTS_MACCATALYST = NO;
				SWIFT_EMIT_LOC_STRINGS = YES;
				SWIFT_VERSION = 5.0;
				TARGETED_DEVICE_FAMILY = "1,2";
			};
			name = Debug;
		};
		9FDB11A411CB446A97B3392E /* Release */ = {
			isa = XCBuildConfiguration;
			buildSettings = {
				ASSETCATALOG_COMPILER_APPICON_NAME = AppIcon;
				ASSETCATALOG_COMPILER_GLOBAL_ACCENT_COLOR_NAME = AccentColor;
				CODE_SIGN_STYLE = Automatic;
				CURRENT_PROJECT_VERSION = 1;
				GENERATE_INFOPLIST_FILE = YES;
				INFOPLIST_FILE = BookClub/Info.plist;
				INFOPLIST_KEY_UIApplicationSupportsIndirectInputEvents = YES;
				INFOPLIST_KEY_UILaunchStoryboardName = LaunchScreen;
				INFOPLIST_KEY_UIMainStoryboardFile = Main;
				INFOPLIST_KEY_UISupportedInterfaceOrientations = UIInterfaceOrientationPortrait;
				INFOPLIST_KEY_UISupportedInterfaceOrientations_iPad = "UIInterfaceOrientationLandscapeLeft UIInterfaceOrientationLandscapeRight UIInterfaceOrientationPortrait UIInterfaceOrientationPortraitUpsideDown";
				LD_RUNPATH_SEARCH_PATHS = (
					"$(inherited)",
					"@executable_path/Frameworks",
				);
				MARKETING_VERSION = 1.0;
				PRODUCT_BUNDLE_IDENTIFIER = com.hadardv.BookClub;
				PRODUCT_NAME = "$(TARGET_NAME)";
				SUPPORTED_PLATFORMS = "iphoneos iphonesimulator";
				SUPPORTS_MACCATALYST = NO;
				SWIFT_EMIT_LOC_STRINGS = YES;
				SWIFT_VERSION = 5.0;
				TARGETED_DEVICE_FAMILY = "1,2";
			};
			name = Release;
		};
/* End XCBuildConfiguration section */

/* Begin XCConfigurationList section */
		AFC41AD00FF742BABB22D154 /* Build configuration list for PBXProject "BookClub" */ = {
			isa = XCConfigurationList;
			buildConfigurations = (
				04A6CD9E30B44040BE5925F1 /* Debug */,
				948331EE30E84F2999DA1729 /* Release */,
			);
			defaultConfigurationIsVisible = 0;
			defaultConfigurationName = Release;
		};
		5402CD51BCBD4C49AE226900 /* Build configuration list for PBXNativeTarget "BookClub" */ = {
			isa = XCConfigurationList;
			buildConfigurations = (
				7E8DBC2B3E5040048EBAC05C /* Debug */,
				9FDB11A411CB446A97B3392E /* Release */,
			);
			defaultConfigurationIsVisible = 0;
			defaultConfigurationName = Release;
		};
/* End XCConfigurationList section */

/* Begin XCRemoteSwiftPackageReference section */
		F60718293A4B5C6D7E8F901A2 /* XCRemoteSwiftPackageReference "firebase-ios-sdk" */ = {
			isa = XCRemoteSwiftPackageReference;
			repositoryURL = "https://github.com/firebase/firebase-ios-sdk";
			requirement = {
				kind = upToNextMajorVersion;
				minimumVersion = 11.0.0;
			};
		};
/* End XCRemoteSwiftPackageReference section */

/* Begin XCSwiftPackageProductDependency section */
		E5F60718293A4B5C6D7E8F90 /* FirebaseFirestore */ = {
			isa = XCSwiftPackageProductDependency;
			package = F60718293A4B5C6D7E8F901A2 /* XCRemoteSwiftPackageReference "firebase-ios-sdk" */;
			productName = FirebaseFirestore;
		};
/* End XCSwiftPackageProductDependency section */
	};
	rootObject = 2FCFEC2817DB488D81C9D49F /* Project object */;
}
